
Microsoft Visual Studio Solution File, Format Version 12.00
# Visual Studio 14
VisualStudioVersion = 14.0.23107.0
MinimumVisualStudioVersion = 10.0.40219.1
Project("{FAE04EC0-301F-11D3-BF4B-00C04F79EFBC}") = "ExemploBDD", "ExemploBDD\ExemploBDD.csproj", "{2A87BF69-BC59-4853-86AF-2D4DE398886C}"
EndProject
Project("{FAE04EC0-301F-11D3-BF4B-00C04F79EFBC}") = "ExemploBDD.Specs", "ExemploBDD.Specs\ExemploBDD.Specs.csproj", "{609BDE7E-1DC4-4562-9A7B-3A069C150BB4}"
EndProject
Global
	GlobalSection(SolutionConfigurationPlatforms) = preSolution
		Debug|Any CPU = Debug|Any CPU
		Release|Any CPU = Release|Any CPU
	EndGlobalSection
	GlobalSection(ProjectConfigurationPlatforms) = postSolution
		{2A87BF69-BC59-4853-86AF-2D4DE398886C}.Debug|Any CPU.ActiveCfg = Debug|Any CPU
		{2A87BF69-BC59-4853-86AF-2D4DE398886C}.Debug|Any CPU.Build.0 = Debug|Any CPU
		{2A87BF69-BC59-4853-86AF-2D4DE398886C}.Release|Any CPU.ActiveCfg = Release|Any CPU
		{2A87BF69-BC59-4853-86AF-2D4DE398886C}.Release|Any CPU.Build.0 = Release|Any CPU
		{609BDE7E-1DC4-4562-9A7B-3A069C150BB4}.Debug|Any CPU.ActiveCfg = Debug|Any CPU
		{609BDE7E-1DC4-4562-9A7B-3A069C150BB4}.Debug|Any CPU.Build.0 = Debug|Any CPU
		{609BDE7E-1DC4-4562-9A7B-3A069C150BB4}.Release|Any CPU.ActiveCfg = Release|Any CPU
		{609BDE7E-1DC4-4562-9A7B-3A069C150BB4}.Release|Any CPU.Build.0 = Release|Any CPU
	EndGlobalSection
	GlobalSection(SolutionProperties) = preSolution
		HideSolutionNode = FALSE
	EndGlobalSection
EndGlobal
